
Microsoft Visual Studio Solution File, Format Version 12.00
# Visual Studio Version 17
VisualStudioVersion = 17.5.002.0
MinimumVisualStudioVersion = 10.0.40219.1
Project("{9A19103F-16F7-4668-BE54-9A1E7A4F7556}") = "TP1", "TP1.csproj", "{35A85BD5-26AC-4C4C-9BCD-C87296FEB53A}"
EndProject
Global
	GlobalSection(SolutionConfigurationPlatforms) = preSolution
		Debug|Any CPU = Debug|Any CPU
		Release|Any CPU = Release|Any CPU
	EndGlobalSection
	GlobalSection(ProjectConfigurationPlatforms) = postSolution
		{35A85BD5-26AC-4C4C-9BCD-C87296FEB53A}.Debug|Any CPU.ActiveCfg = Debug|Any CPU
		{35A85BD5-26AC-4C4C-9BCD-C87296FEB53A}.Debug|Any CPU.Build.0 = Debug|Any CPU
		{35A85BD5-26AC-4C4C-9BCD-C87296FEB53A}.Release|Any CPU.ActiveCfg = Release|Any CPU
		{35A85BD5-26AC-4C4C-9BCD-C87296FEB53A}.Release|Any CPU.Build.0 = Release|Any CPU
	EndGlobalSection
	GlobalSection(SolutionProperties) = preSolution
		HideSolutionNode = FALSE
	EndGlobalSection
	GlobalSection(ExtensibilityGlobals) = postSolution
		SolutionGuid = {05CE451D-1193-4349-AAF0-4A5A898E7917}
	EndGlobalSection
EndGlobal
